// !$*UTF8*$!
{
	archiveVersion = 1;
	classes = {
	};
	objectVersion = 46;
	objects = {

/* Begin PBXBuildFile section */
		DBE4A46E1C690C050011A9CC /* AppDelegate.swift in Sources */ = {isa = PBXBuildFile; fileRef = DBE4A46D1C690C050011A9CC /* AppDelegate.swift */; };
		DBE4A4701C690C050011A9CC /* RootViewController.swift in Sources */ = {isa = PBXBuildFile; fileRef = DBE4A46F1C690C050011A9CC /* RootViewController.swift */; };
		DBE4A4721C690C050011A9CC /* DataViewController.swift in Sources */ = {isa = PBXBuildFile; fileRef = DBE4A4711C690C050011A9CC /* DataViewController.swift */; };
		DBE4A4741C690C050011A9CC /* ModelController.swift in Sources */ = {isa = PBXBuildFile; fileRef = DBE4A4731C690C050011A9CC /* ModelController.swift */; };
		DBE4A4771C690C050011A9CC /* Main.storyboard in Resources */ = {isa = PBXBuildFile; fileRef = DBE4A4751C690C050011A9CC /* Main.storyboard */; };
		DBE4A4791C690C050011A9CC /* Assets.xcassets in Resources */ = {isa = PBXBuildFile; fileRef = DBE4A4781C690C050011A9CC /* Assets.xcassets */; };
		DBE4A47C1C690C050011A9CC /* LaunchScreen.storyboard in Resources */ = {isa = PBXBuildFile; fileRef = DBE4A47A1C690C050011A9CC /* LaunchScreen.storyboard */; };
		DBE4A4921C69182C0011A9CC /* smenu.swift in Sources */ = {isa = PBXBuildFile; fileRef = DBE4A4911C69182C0011A9CC /* smenu.swift */; };
/* End PBXBuildFile section */

/* Begin PBXFileReference section */
		DBE4A46A1C690C050011A9CC /* sample.app */ = {isa = PBXFileReference; explicitFileType = wrapper.application; includeInIndex = 0; path = sample.app; sourceTree = BUILT_PRODUCTS_DIR; };
		DBE4A46D1C690C050011A9CC /* AppDelegate.swift */ = {isa = PBXFileReference; lastKnownFileType = sourcecode.swift; path = AppDelegate.swift; sourceTree = "<group>"; };
		DBE4A46F1C690C050011A9CC /* RootViewController.swift */ = {isa = PBXFileReference; lastKnownFileType = sourcecode.swift; path = RootViewController.swift; sourceTree = "<group>"; };
		DBE4A4711C690C050011A9CC /* DataViewController.swift */ = {isa = PBXFileReference; lastKnownFileType = sourcecode.swift; path = DataViewController.swift; sourceTree = "<group>"; };
		DBE4A4731C690C050011A9CC /* ModelController.swift */ = {isa = PBXFileReference; lastKnownFileType = sourcecode.swift; path = ModelController.swift; sourceTree = "<group>"; };
		DBE4A4761C690C050011A9CC /* Base */ = {isa = PBXFileReference; lastKnownFileType = file.storyboard; name = Base; path = Base.lproj/Main.storyboard; sourceTree = "<group>"; };
		DBE4A4781C690C050011A9CC /* Assets.xcassets */ = {isa = PBXFileReference; lastKnownFileType = folder.assetcatalog; path = Assets.xcassets; sourceTree = "<group>"; };
		DBE4A47B1C690C050011A9CC /* Base */ = {isa = PBXFileReference; lastKnownFileType = file.storyboard; name = Base; path = Base.lproj/LaunchScreen.storyboard; sourceTree = "<group>"; };
		DBE4A47D1C690C050011A9CC /* Info.plist */ = {isa = PBXFileReference; lastKnownFileType = text.plist.xml; path = Info.plist; sourceTree = "<group>"; };
		DBE4A4911C69182C0011A9CC /* smenu.swift */ = {isa = PBXFileReference; fileEncoding = 4; lastKnownFileType = sourcecode.swift; path = smenu.swift; sourceTree = "<group>"; };
/* End PBXFileReference section */

/* Begin PBXFrameworksBuildPhase section */
		DBE4A4671C690C050011A9CC /* Frameworks */ = {
			isa = PBXFrameworksBuildPhase;
			buildActionMask = 2147483647;
			files = (
			);
			runOnlyForDeploymentPostprocessing = 0;
		};
/* End PBXFrameworksBuildPhase section */

/* Begin PBXGroup section */
		DBE4A4611C690C050011A9CC = {
			isa = PBXGroup;
			children = (
				DBE4A46C1C690C050011A9CC /* sample */,
				DBE4A46B1C690C050011A9CC /* Products */,
			);
			sourceTree = "<group>";
		};
		DBE4A46B1C690C050011A9CC /* Products */ = {
			isa = PBXGroup;
			children = (
				DBE4A46A1C690C050011A9CC /* sample.app */,
			);
			name = Products;
			sourceTree = "<group>";
		};
		DBE4A46C1C690C050011A9CC /* sample */ = {
			isa = PBXGroup;
			children = (
				DBE4A46D1C690C050011A9CC /* AppDelegate.swift */,
				DBE4A46F1C690C050011A9CC /* RootViewController.swift */,
				DBE4A4711C690C050011A9CC /* DataViewController.swift */,
				DBE4A4731C690C050011A9CC /* ModelController.swift */,
				DBE4A4751C690C050011A9CC /* Main.storyboard */,
				DBE4A4781C690C050011A9CC /* Assets.xcassets */,
				DBE4A47A1C690C050011A9CC /* LaunchScreen.storyboard */,
				DBE4A47D1C690C050011A9CC /* Info.plist */,
				DBE4A4911C69182C0011A9CC /* smenu.swift */,
			);
			path = sample;
			sourceTree = "<group>";
		};
/* End PBXGroup section */

/* Begin PBXNativeTarget section */
		DBE4A4691C690C050011A9CC /* sample */ = {
			isa = PBXNativeTarget;
			buildConfigurationList = DBE4A4801C690C050011A9CC /* Build configuration list for PBXNativeTarget "sample" */;
			buildPhases = (
				DBE4A4661C690C050011A9CC /* Sources */,
				DBE4A4671C690C050011A9CC /* Frameworks */,
				DBE4A4681C690C050011A9CC /* Resources */,
			);
			buildRules = (
			);
			dependencies = (
			);
			name = sample;
			productName = sample;
			productReference = DBE4A46A1C690C050011A9CC /* sample.app */;
			productType = "com.apple.product-type.application";
		};
/* End PBXNativeTarget section */

/* Begin PBXProject section */
		DBE4A4621C690C050011A9CC /* Project object */ = {
			isa = PBXProject;
			attributes = {
				LastSwiftUpdateCheck = 0720;
				LastUpgradeCheck = 0720;
				ORGANIZATIONNAME = SMS;
				TargetAttributes = {
					DBE4A4691C690C050011A9CC = {
						CreatedOnToolsVersion = 7.2.1;
					};
				};
			};
			buildConfigurationList = DBE4A4651C690C050011A9CC /* Build configuration list for PBXProject "sample" */;
			compatibilityVersion = "Xcode 3.2";
			developmentRegion = English;
			hasScannedForEncodings = 0;
			knownRegions = (
				en,
				Base,
			);
			mainGroup = DBE4A4611C690C050011A9CC;
			productRefGroup = DBE4A46B1C690C050011A9CC /* Products */;
			projectDirPath = "";
			projectRoot = "";
			targets = (
				DBE4A4691C690C050011A9CC /* sample */,
			);
		};
/* End PBXProject section */

/* Begin PBXResourcesBuildPhase section */
		DBE4A4681C690C050011A9CC /* Resources */ = {
			isa = PBXResourcesBuildPhase;
			buildActionMask = 2147483647;
			files = (
				DBE4A47C1C690C050011A9CC /* LaunchScreen.storyboard in Resources */,
				DBE4A4791C690C050011A9CC /* Assets.xcassets in Resources */,
				DBE4A4771C690C050011A9CC /* Main.storyboard in Resources */,
			);
			runOnlyForDeploymentPostprocessing = 0;
		};
/* End PBXResourcesBuildPhase section */

/* Begin PBXSourcesBuildPhase section */
		DBE4A4661C690C050011A9CC /* Sources */ = {
			isa = PBXSourcesBuildPhase;
			buildActionMask = 2147483647;
			files = (
				DBE4A4701C690C050011A9CC /* RootViewController.swift in Sources */,
				DBE4A4741C690C050011A9CC /* ModelController.swift in Sources */,
				DBE4A4921C69182C0011A9CC /* smenu.swift in Sources */,
				DBE4A4721C690C050011A9CC /* DataViewController.swift in Sources */,
				DBE4A46E1C690C050011A9CC /* AppDelegate.swift in Sources */,
			);
			runOnlyForDeploymentPostprocessing = 0;
		};
/* End PBXSourcesBuildPhase section */

/* Begin PBXVariantGroup section */
		DBE4A4751C690C050011A9CC /* Main.storyboard */ = {
			isa = PBXVariantGroup;
			children = (
				DBE4A4761C690C050011A9CC /* Base */,
			);
			name = Main.storyboard;
			sourceTree = "<group>";
		};
		DBE4A47A1C690C050011A9CC /* LaunchScreen.storyboard */ = {
			isa = PBXVariantGroup;
			children = (
				DBE4A47B1C690C050011A9CC /* Base */,
			);
			name = LaunchScreen.storyboard;
			sourceTree = "<group>";
		};
/* End PBXVariantGroup section */

/* Begin XCBuildConfiguration section */
		DBE4A47E1C690C050011A9CC /* Debug */ = {
			isa = XCBuildConfiguration;
			buildSettings = {
				ALWAYS_SEARCH_USER_PATHS = NO;
				CLANG_CXX_LANGUAGE_STANDARD = "gnu++0x";
				CLANG_CXX_LIBRARY = "libc++";
				CLANG_ENABLE_MODULES = YES;
				CLANG_ENABLE_OBJC_ARC = YES;
				CLANG_WARN_BOOL_CONVERSION = YES;
				CLANG_WARN_CONSTANT_CONVERSION = YES;
				CLANG_WARN_DIRECT_OBJC_ISA_USAGE = YES_ERROR;
				CLANG_WARN_EMPTY_BODY = YES;
				CLANG_WARN_ENUM_CONVERSION = YES;
				CLANG_WARN_INT_CONVERSION = YES;
				CLANG_WARN_OBJC_ROOT_CLASS = YES_ERROR;
				CLANG_WARN_UNREACHABLE_CODE = YES;
				CLANG_WARN__DUPLICATE_METHOD_MATCH = YES;
				"CODE_SIGN_IDENTITY[sdk=iphoneos*]" = "iPhone Developer";
				COPY_PHASE_STRIP = NO;
				DEBUG_INFORMATION_FORMAT = dwarf;
				ENABLE_STRICT_OBJC_MSGSEND = YES;
				ENABLE_TESTABILITY = YES;
				GCC_C_LANGUAGE_STANDARD = gnu99;
				GCC_DYNAMIC_NO_PIC = NO;
				GCC_NO_COMMON_BLOCKS = YES;
				GCC_OPTIMIZATION_LEVEL = 0;
				GCC_PREPROCESSOR_DEFINITIONS = (
					"DEBUG=1",
					"$(inherited)",
				);
				GCC_WARN_64_TO_32_BIT_CONVERSION = YES;
				GCC_WARN_ABOUT_RETURN_TYPE = YES_ERROR;
				GCC_WARN_UNDECLARED_SELECTOR = YES;
				GCC_WARN_UNINITIALIZED_AUTOS = YES_AGGRESSIVE;
				GCC_WARN_UNUSED_FUNCTION = YES;
				GCC_WARN_UNUSED_VARIABLE = YES;
				IPHONEOS_DEPLOYMENT_TARGET = 9.2;
				MTL_ENABLE_DEBUG_INFO = YES;
				ONLY_ACTIVE_ARCH = YES;
				SDKROOT = iphoneos;
				SWIFT_OPTIMIZATION_LEVEL = "-Onone";
				TARGETED_DEVICE_FAMILY = "1,2";
			};
			name = Debug;
		};
		DBE4A47F1C690C050011A9CC /* Release */ = {
			isa = XCBuildConfiguration;
			buildSettings = {
				ALWAYS_SEARCH_USER_PATHS = NO;
				CLANG_CXX_LANGUAGE_STANDARD = "gnu++0x";
				CLANG_CXX_LIBRARY = "libc++";
				CLANG_ENABLE_MODULES = YES;
				CLANG_ENABLE_OBJC_ARC = YES;
				CLANG_WARN_BOOL_CONVERSION = YES;
				CLANG_WARN_CONSTANT_CONVERSION = YES;
				CLANG_WARN_DIRECT_OBJC_ISA_USAGE = YES_ERROR;
				CLANG_WARN_EMPTY_BODY = YES;
				CLANG_WARN_ENUM_CONVERSION = YES;
				CLANG_WARN_INT_CONVERSION = YES;
				CLANG_WARN_OBJC_ROOT_CLASS = YES_ERROR;
				CLANG_WARN_UNREACHABLE_CODE = YES;
				CLANG_WARN__DUPLICATE_METHOD_MATCH = YES;
				"CODE_SIGN_IDENTITY[sdk=iphoneos*]" = "iPhone Developer";
				COPY_PHASE_STRIP = NO;
				DEBUG_INFORMATION_FORMAT = "dwarf-with-dsym";
				ENABLE_NS_ASSERTIONS = NO;
				ENABLE_STRICT_OBJC_MSGSEND = YES;
				GCC_C_LANGUAGE_STANDARD = gnu99;
				GCC_NO_COMMON_BLOCKS = YES;
				GCC_WARN_64_TO_32_BIT_CONVERSION = YES;
				GCC_WARN_ABOUT_RETURN_TYPE = YES_ERROR;
				GCC_WARN_UNDECLARED_SELECTOR = YES;
				GCC_WARN_UNINITIALIZED_AUTOS = YES_AGGRESSIVE;
				GCC_WARN_UNUSED_FUNCTION = YES;
				GCC_WARN_UNUSED_VARIABLE = YES;
				IPHONEOS_DEPLOYMENT_TARGET = 9.2;
				MTL_ENABLE_DEBUG_INFO = NO;
				SDKROOT = iphoneos;
				TARGETED_DEVICE_FAMILY = "1,2";
				VALIDATE_PRODUCT = YES;
			};
			name = Release;
		};
		DBE4A4811C690C050011A9CC /* Debug */ = {
			isa = XCBuildConfiguration;
			buildSettings = {
				ASSETCATALOG_COMPILER_APPICON_NAME = AppIcon;
				INFOPLIST_FILE = sample/Info.plist;
				LD_RUNPATH_SEARCH_PATHS = "$(inherited) @executable_path/Frameworks";
				PRODUCT_BUNDLE_IDENTIFIER = com.immi.sample;
				PRODUCT_NAME = "$(TARGET_NAME)";
			};
			name = Debug;
		};
		DBE4A4821C690C050011A9CC /* Release */ = {
			isa = XCBuildConfiguration;
			buildSettings = {
				ASSETCATALOG_COMPILER_APPICON_NAME = AppIcon;
				INFOPLIST_FILE = sample/Info.plist;
				LD_RUNPATH_SEARCH_PATHS = "$(inherited) @executable_path/Frameworks";
				PRODUCT_BUNDLE_IDENTIFIER = com.immi.sample;
				PRODUCT_NAME = "$(TARGET_NAME)";
			};
			name = Release;
		};
/* End XCBuildConfiguration section */

/* Begin XCConfigurationList section */
		DBE4A4651C690C050011A9CC /* Build configuration list for PBXProject "sample" */ = {
			isa = XCConfigurationList;
			buildConfigurations = (
				DBE4A47E1C690C050011A9CC /* Debug */,
				DBE4A47F1C690C050011A9CC /* Release */,
			);
			defaultConfigurationIsVisible = 0;
			defaultConfigurationName = Release;
		};
		DBE4A4801C690C050011A9CC /* Build configuration list for PBXNativeTarget "sample" */ = {
			isa = XCConfigurationList;
			buildConfigurations = (
				DBE4A4811C690C050011A9CC /* Debug */,
				DBE4A4821C690C050011A9CC /* Release */,
			);
			defaultConfigurationIsVisible = 0;
			defaultConfigurationName = Release;
		};
/* End XCConfigurationList section */
	};
	rootObject = DBE4A4621C690C050011A9CC /* Project object */;
}
