// !$*UTF8*$!
{
	archiveVersion = 1;
	classes = {
	};
	objectVersion = 46;
	objects = {

/* Begin PBXBuildFile section */
		DB60057A1DEA9DAD0057C35A /* AppDelegate.swift in Sources */ = {isa = PBXBuildFile; fileRef = DB6005791DEA9DAD0057C35A /* AppDelegate.swift */; };
		DB60057C1DEA9DAD0057C35A /* ViewController.swift in Sources */ = {isa = PBXBuildFile; fileRef = DB60057B1DEA9DAD0057C35A /* ViewController.swift */; };
		DB60057F1DEA9DAD0057C35A /* Main.storyboard in Resources */ = {isa = PBXBuildFile; fileRef = DB60057D1DEA9DAD0057C35A /* Main.storyboard */; };
		DB6005811DEA9DAD0057C35A /* Assets.xcassets in Resources */ = {isa = PBXBuildFile; fileRef = DB6005801DEA9DAD0057C35A /* Assets.xcassets */; };
		DB6005841DEA9DAD0057C35A /* LaunchScreen.storyboard in Resources */ = {isa = PBXBuildFile; fileRef = DB6005821DEA9DAD0057C35A /* LaunchScreen.storyboard */; };
		DB60058C1DEAAB170057C35A /* assets in Resources */ = {isa = PBXBuildFile; fileRef = DB60058B1DEAAB170057C35A /* assets */; };
		DB60058E1DED4B290057C35A /* SharedStorage.swift in Sources */ = {isa = PBXBuildFile; fileRef = DB60058D1DED4B290057C35A /* SharedStorage.swift */; };
		DB6005901DED96960057C35A /* Utils.swift in Sources */ = {isa = PBXBuildFile; fileRef = DB60058F1DED96960057C35A /* Utils.swift */; };
		DBCD130C1DEDD3F800DEF9D9 /* JsBridge.swift in Sources */ = {isa = PBXBuildFile; fileRef = DBCD130B1DEDD3F800DEF9D9 /* JsBridge.swift */; };
/* End PBXBuildFile section */

/* Begin PBXFileReference section */
		DB6005761DEA9DAC0057C35A /* w30.app */ = {isa = PBXFileReference; explicitFileType = wrapper.application; includeInIndex = 0; path = w30.app; sourceTree = BUILT_PRODUCTS_DIR; };
		DB6005791DEA9DAD0057C35A /* AppDelegate.swift */ = {isa = PBXFileReference; lastKnownFileType = sourcecode.swift; path = AppDelegate.swift; sourceTree = "<group>"; };
		DB60057B1DEA9DAD0057C35A /* ViewController.swift */ = {isa = PBXFileReference; lastKnownFileType = sourcecode.swift; path = ViewController.swift; sourceTree = "<group>"; };
		DB60057E1DEA9DAD0057C35A /* Base */ = {isa = PBXFileReference; lastKnownFileType = file.storyboard; name = Base; path = Base.lproj/Main.storyboard; sourceTree = "<group>"; };
		DB6005801DEA9DAD0057C35A /* Assets.xcassets */ = {isa = PBXFileReference; lastKnownFileType = folder.assetcatalog; path = Assets.xcassets; sourceTree = "<group>"; };
		DB6005831DEA9DAD0057C35A /* Base */ = {isa = PBXFileReference; lastKnownFileType = file.storyboard; name = Base; path = Base.lproj/LaunchScreen.storyboard; sourceTree = "<group>"; };
		DB6005851DEA9DAD0057C35A /* Info.plist */ = {isa = PBXFileReference; lastKnownFileType = text.plist.xml; path = Info.plist; sourceTree = "<group>"; };
		DB60058B1DEAAB170057C35A /* assets */ = {isa = PBXFileReference; lastKnownFileType = folder; path = assets; sourceTree = "<group>"; };
		DB60058D1DED4B290057C35A /* SharedStorage.swift */ = {isa = PBXFileReference; fileEncoding = 4; lastKnownFileType = sourcecode.swift; path = SharedStorage.swift; sourceTree = "<group>"; };
		DB60058F1DED96960057C35A /* Utils.swift */ = {isa = PBXFileReference; fileEncoding = 4; lastKnownFileType = sourcecode.swift; path = Utils.swift; sourceTree = "<group>"; };
		DBCD130B1DEDD3F800DEF9D9 /* JsBridge.swift */ = {isa = PBXFileReference; fileEncoding = 4; lastKnownFileType = sourcecode.swift; path = JsBridge.swift; sourceTree = "<group>"; };
		DBFA6CED1DFD2461005E6DA3 /* w30.entitlements */ = {isa = PBXFileReference; lastKnownFileType = text.plist.entitlements; path = w30.entitlements; sourceTree = "<group>"; };
/* End PBXFileReference section */

/* Begin PBXFrameworksBuildPhase section */
		DB6005731DEA9DAC0057C35A /* Frameworks */ = {
			isa = PBXFrameworksBuildPhase;
			buildActionMask = 2147483647;
			files = (
			);
			runOnlyForDeploymentPostprocessing = 0;
		};
/* End PBXFrameworksBuildPhase section */

/* Begin PBXGroup section */
		DB60056D1DEA9DAC0057C35A = {
			isa = PBXGroup;
			children = (
				DB60058B1DEAAB170057C35A /* assets */,
				DB6005781DEA9DAC0057C35A /* w30 */,
				DB6005771DEA9DAC0057C35A /* Products */,
			);
			sourceTree = "<group>";
		};
		DB6005771DEA9DAC0057C35A /* Products */ = {
			isa = PBXGroup;
			children = (
				DB6005761DEA9DAC0057C35A /* w30.app */,
			);
			name = Products;
			sourceTree = "<group>";
		};
		DB6005781DEA9DAC0057C35A /* w30 */ = {
			isa = PBXGroup;
			children = (
				DBFA6CED1DFD2461005E6DA3 /* w30.entitlements */,
				DB6005791DEA9DAD0057C35A /* AppDelegate.swift */,
				DB60057B1DEA9DAD0057C35A /* ViewController.swift */,
				DB60057D1DEA9DAD0057C35A /* Main.storyboard */,
				DB6005801DEA9DAD0057C35A /* Assets.xcassets */,
				DB6005821DEA9DAD0057C35A /* LaunchScreen.storyboard */,
				DB6005851DEA9DAD0057C35A /* Info.plist */,
				DB60058D1DED4B290057C35A /* SharedStorage.swift */,
				DB60058F1DED96960057C35A /* Utils.swift */,
				DBCD130B1DEDD3F800DEF9D9 /* JsBridge.swift */,
			);
			path = w30;
			sourceTree = "<group>";
		};
/* End PBXGroup section */

/* Begin PBXNativeTarget section */
		DB6005751DEA9DAC0057C35A /* w30 */ = {
			isa = PBXNativeTarget;
			buildConfigurationList = DB6005881DEA9DAD0057C35A /* Build configuration list for PBXNativeTarget "w30" */;
			buildPhases = (
				DB6005721DEA9DAC0057C35A /* Sources */,
				DB6005731DEA9DAC0057C35A /* Frameworks */,
				DB6005741DEA9DAC0057C35A /* Resources */,
			);
			buildRules = (
			);
			dependencies = (
			);
			name = w30;
			productName = w30;
			productReference = DB6005761DEA9DAC0057C35A /* w30.app */;
			productType = "com.apple.product-type.application";
		};
/* End PBXNativeTarget section */

/* Begin PBXProject section */
		DB60056E1DEA9DAC0057C35A /* Project object */ = {
			isa = PBXProject;
			attributes = {
				LastSwiftUpdateCheck = 0810;
				LastUpgradeCheck = 0810;
				ORGANIZATIONNAME = sj;
				TargetAttributes = {
					DB6005751DEA9DAC0057C35A = {
						CreatedOnToolsVersion = 8.1;
						DevelopmentTeam = F6VRM5EGZ9;
						ProvisioningStyle = Automatic;
						SystemCapabilities = {
							com.apple.Push = {
								enabled = 1;
							};
							com.apple.Siri = {
								enabled = 1;
							};
						};
					};
				};
			};
			buildConfigurationList = DB6005711DEA9DAC0057C35A /* Build configuration list for PBXProject "w30" */;
			compatibilityVersion = "Xcode 3.2";
			developmentRegion = English;
			hasScannedForEncodings = 0;
			knownRegions = (
				en,
				Base,
			);
			mainGroup = DB60056D1DEA9DAC0057C35A;
			productRefGroup = DB6005771DEA9DAC0057C35A /* Products */;
			projectDirPath = "";
			projectRoot = "";
			targets = (
				DB6005751DEA9DAC0057C35A /* w30 */,
			);
		};
/* End PBXProject section */

/* Begin PBXResourcesBuildPhase section */
		DB6005741DEA9DAC0057C35A /* Resources */ = {
			isa = PBXResourcesBuildPhase;
			buildActionMask = 2147483647;
			files = (
				DB6005841DEA9DAD0057C35A /* LaunchScreen.storyboard in Resources */,
				DB60058C1DEAAB170057C35A /* assets in Resources */,
				DB6005811DEA9DAD0057C35A /* Assets.xcassets in Resources */,
				DB60057F1DEA9DAD0057C35A /* Main.storyboard in Resources */,
			);
			runOnlyForDeploymentPostprocessing = 0;
		};
/* End PBXResourcesBuildPhase section */

/* Begin PBXSourcesBuildPhase section */
		DB6005721DEA9DAC0057C35A /* Sources */ = {
			isa = PBXSourcesBuildPhase;
			buildActionMask = 2147483647;
			files = (
				DBCD130C1DEDD3F800DEF9D9 /* JsBridge.swift in Sources */,
				DB60057C1DEA9DAD0057C35A /* ViewController.swift in Sources */,
				DB60057A1DEA9DAD0057C35A /* AppDelegate.swift in Sources */,
				DB60058E1DED4B290057C35A /* SharedStorage.swift in Sources */,
				DB6005901DED96960057C35A /* Utils.swift in Sources */,
			);
			runOnlyForDeploymentPostprocessing = 0;
		};
/* End PBXSourcesBuildPhase section */

/* Begin PBXVariantGroup section */
		DB60057D1DEA9DAD0057C35A /* Main.storyboard */ = {
			isa = PBXVariantGroup;
			children = (
				DB60057E1DEA9DAD0057C35A /* Base */,
			);
			name = Main.storyboard;
			sourceTree = "<group>";
		};
		DB6005821DEA9DAD0057C35A /* LaunchScreen.storyboard */ = {
			isa = PBXVariantGroup;
			children = (
				DB6005831DEA9DAD0057C35A /* Base */,
			);
			name = LaunchScreen.storyboard;
			sourceTree = "<group>";
		};
/* End PBXVariantGroup section */

/* Begin XCBuildConfiguration section */
		DB6005861DEA9DAD0057C35A /* Debug */ = {
			isa = XCBuildConfiguration;
			buildSettings = {
				ALWAYS_SEARCH_USER_PATHS = NO;
				CLANG_ANALYZER_NONNULL = YES;
				CLANG_CXX_LANGUAGE_STANDARD = "gnu++0x";
				CLANG_CXX_LIBRARY = "libc++";
				CLANG_ENABLE_MODULES = YES;
				CLANG_ENABLE_OBJC_ARC = YES;
				CLANG_WARN_BOOL_CONVERSION = YES;
				CLANG_WARN_CONSTANT_CONVERSION = YES;
				CLANG_WARN_DIRECT_OBJC_ISA_USAGE = YES_ERROR;
				CLANG_WARN_DOCUMENTATION_COMMENTS = YES;
				CLANG_WARN_EMPTY_BODY = YES;
				CLANG_WARN_ENUM_CONVERSION = YES;
				CLANG_WARN_INFINITE_RECURSION = YES;
				CLANG_WARN_INT_CONVERSION = YES;
				CLANG_WARN_OBJC_ROOT_CLASS = YES_ERROR;
				CLANG_WARN_SUSPICIOUS_MOVES = YES;
				CLANG_WARN_UNREACHABLE_CODE = YES;
				CLANG_WARN__DUPLICATE_METHOD_MATCH = YES;
				"CODE_SIGN_IDENTITY[sdk=iphoneos*]" = "iPhone Developer";
				COPY_PHASE_STRIP = NO;
				DEBUG_INFORMATION_FORMAT = dwarf;
				ENABLE_STRICT_OBJC_MSGSEND = YES;
				ENABLE_TESTABILITY = YES;
				GCC_C_LANGUAGE_STANDARD = gnu99;
				GCC_DYNAMIC_NO_PIC = NO;
				GCC_NO_COMMON_BLOCKS = YES;
				GCC_OPTIMIZATION_LEVEL = 0;
				GCC_PREPROCESSOR_DEFINITIONS = (
					"DEBUG=1",
					"$(inherited)",
				);
				GCC_WARN_64_TO_32_BIT_CONVERSION = YES;
				GCC_WARN_ABOUT_RETURN_TYPE = YES_ERROR;
				GCC_WARN_UNDECLARED_SELECTOR = YES;
				GCC_WARN_UNINITIALIZED_AUTOS = YES_AGGRESSIVE;
				GCC_WARN_UNUSED_FUNCTION = YES;
				GCC_WARN_UNUSED_VARIABLE = YES;
				IPHONEOS_DEPLOYMENT_TARGET = 10.1;
				MTL_ENABLE_DEBUG_INFO = YES;
				ONLY_ACTIVE_ARCH = YES;
				SDKROOT = iphoneos;
				SWIFT_ACTIVE_COMPILATION_CONDITIONS = DEBUG;
				SWIFT_OPTIMIZATION_LEVEL = "-Onone";
				TARGETED_DEVICE_FAMILY = "1,2";
			};
			name = Debug;
		};
		DB6005871DEA9DAD0057C35A /* Release */ = {
			isa = XCBuildConfiguration;
			buildSettings = {
				ALWAYS_SEARCH_USER_PATHS = NO;
				CLANG_ANALYZER_NONNULL = YES;
				CLANG_CXX_LANGUAGE_STANDARD = "gnu++0x";
				CLANG_CXX_LIBRARY = "libc++";
				CLANG_ENABLE_MODULES = YES;
				CLANG_ENABLE_OBJC_ARC = YES;
				CLANG_WARN_BOOL_CONVERSION = YES;
				CLANG_WARN_CONSTANT_CONVERSION = YES;
				CLANG_WARN_DIRECT_OBJC_ISA_USAGE = YES_ERROR;
				CLANG_WARN_DOCUMENTATION_COMMENTS = YES;
				CLANG_WARN_EMPTY_BODY = YES;
				CLANG_WARN_ENUM_CONVERSION = YES;
				CLANG_WARN_INFINITE_RECURSION = YES;
				CLANG_WARN_INT_CONVERSION = YES;
				CLANG_WARN_OBJC_ROOT_CLASS = YES_ERROR;
				CLANG_WARN_SUSPICIOUS_MOVES = YES;
				CLANG_WARN_UNREACHABLE_CODE = YES;
				CLANG_WARN__DUPLICATE_METHOD_MATCH = YES;
				"CODE_SIGN_IDENTITY[sdk=iphoneos*]" = "iPhone Developer";
				COPY_PHASE_STRIP = NO;
				DEBUG_INFORMATION_FORMAT = "dwarf-with-dsym";
				ENABLE_NS_ASSERTIONS = NO;
				ENABLE_STRICT_OBJC_MSGSEND = YES;
				GCC_C_LANGUAGE_STANDARD = gnu99;
				GCC_NO_COMMON_BLOCKS = YES;
				GCC_WARN_64_TO_32_BIT_CONVERSION = YES;
				GCC_WARN_ABOUT_RETURN_TYPE = YES_ERROR;
				GCC_WARN_UNDECLARED_SELECTOR = YES;
				GCC_WARN_UNINITIALIZED_AUTOS = YES_AGGRESSIVE;
				GCC_WARN_UNUSED_FUNCTION = YES;
				GCC_WARN_UNUSED_VARIABLE = YES;
				IPHONEOS_DEPLOYMENT_TARGET = 10.1;
				MTL_ENABLE_DEBUG_INFO = NO;
				SDKROOT = iphoneos;
				SWIFT_OPTIMIZATION_LEVEL = "-Owholemodule";
				TARGETED_DEVICE_FAMILY = "1,2";
				VALIDATE_PRODUCT = YES;
			};
			name = Release;
		};
		DB6005891DEA9DAD0057C35A /* Debug */ = {
			isa = XCBuildConfiguration;
			buildSettings = {
				ASSETCATALOG_COMPILER_APPICON_NAME = AppIcon;
				CODE_SIGN_ENTITLEMENTS = w30/w30.entitlements;
				DEVELOPMENT_TEAM = F6VRM5EGZ9;
				INFOPLIST_FILE = w30/Info.plist;
				IPHONEOS_DEPLOYMENT_TARGET = 10;
				LD_RUNPATH_SEARCH_PATHS = "$(inherited) @executable_path/Frameworks";
				PRODUCT_BUNDLE_IDENTIFIER = com.sj.within30;
				PRODUCT_NAME = "$(TARGET_NAME)";
				SWIFT_VERSION = 3.0;
			};
			name = Debug;
		};
		DB60058A1DEA9DAD0057C35A /* Release */ = {
			isa = XCBuildConfiguration;
			buildSettings = {
				ASSETCATALOG_COMPILER_APPICON_NAME = AppIcon;
				CODE_SIGN_ENTITLEMENTS = w30/w30.entitlements;
				DEVELOPMENT_TEAM = F6VRM5EGZ9;
				INFOPLIST_FILE = w30/Info.plist;
				IPHONEOS_DEPLOYMENT_TARGET = 10;
				LD_RUNPATH_SEARCH_PATHS = "$(inherited) @executable_path/Frameworks";
				PRODUCT_BUNDLE_IDENTIFIER = com.sj.within30;
				PRODUCT_NAME = "$(TARGET_NAME)";
				SWIFT_VERSION = 3.0;
			};
			name = Release;
		};
/* End XCBuildConfiguration section */

/* Begin XCConfigurationList section */
		DB6005711DEA9DAC0057C35A /* Build configuration list for PBXProject "w30" */ = {
			isa = XCConfigurationList;
			buildConfigurations = (
				DB6005861DEA9DAD0057C35A /* Debug */,
				DB6005871DEA9DAD0057C35A /* Release */,
			);
			defaultConfigurationIsVisible = 0;
			defaultConfigurationName = Release;
		};
		DB6005881DEA9DAD0057C35A /* Build configuration list for PBXNativeTarget "w30" */ = {
			isa = XCConfigurationList;
			buildConfigurations = (
				DB6005891DEA9DAD0057C35A /* Debug */,
				DB60058A1DEA9DAD0057C35A /* Release */,
			);
			defaultConfigurationIsVisible = 0;
			defaultConfigurationName = Release;
		};
/* End XCConfigurationList section */
	};
	rootObject = DB60056E1DEA9DAC0057C35A /* Project object */;
}
