// !$*UTF8*$!
{
	archiveVersion = 1;
	classes = {
	};
	objectVersion = 46;
	objects = {

/* Begin PBXBuildFile section */
		DB0DFB251D122857000F0443 /* AppDelegate.swift in Sources */ = {isa = PBXBuildFile; fileRef = DB0DFB241D122857000F0443 /* AppDelegate.swift */; };
		DB0DFB271D122857000F0443 /* ViewController.swift in Sources */ = {isa = PBXBuildFile; fileRef = DB0DFB261D122857000F0443 /* ViewController.swift */; };
		DB0DFB2A1D122857000F0443 /* Main.storyboard in Resources */ = {isa = PBXBuildFile; fileRef = DB0DFB281D122857000F0443 /* Main.storyboard */; };
		DB0DFB2C1D122857000F0443 /* Assets.xcassets in Resources */ = {isa = PBXBuildFile; fileRef = DB0DFB2B1D122857000F0443 /* Assets.xcassets */; };
		DB0DFB2F1D122857000F0443 /* LaunchScreen.storyboard in Resources */ = {isa = PBXBuildFile; fileRef = DB0DFB2D1D122857000F0443 /* LaunchScreen.storyboard */; };
		DB1BE8561D2BC38D00A70F71 /* assets in Resources */ = {isa = PBXBuildFile; fileRef = DB1BE8521D2BC38D00A70F71 /* assets */; };
		DB1BE8571D2BC38D00A70F71 /* index.html in Resources */ = {isa = PBXBuildFile; fileRef = DB1BE8531D2BC38D00A70F71 /* index.html */; };
		DB1BE8581D2BC38D00A70F71 /* mapPage.html in Resources */ = {isa = PBXBuildFile; fileRef = DB1BE8541D2BC38D00A70F71 /* mapPage.html */; };
		DB1BE8591D2BC38D00A70F71 /* selectCatagory.html in Resources */ = {isa = PBXBuildFile; fileRef = DB1BE8551D2BC38D00A70F71 /* selectCatagory.html */; };
		DBBBB80A1D1F8A76000CF0A8 /* ViewController1.swift in Sources */ = {isa = PBXBuildFile; fileRef = DBBBB8091D1F8A76000CF0A8 /* ViewController1.swift */; };
		DBBBB8141D1FF8BA000CF0A8 /* interact.min.js in Resources */ = {isa = PBXBuildFile; fileRef = DBBBB8111D1FF8BA000CF0A8 /* interact.min.js */; };
		DBBBB8151D1FF8BA000CF0A8 /* jquery-3.0.0.min.js in Resources */ = {isa = PBXBuildFile; fileRef = DBBBB8121D1FF8BA000CF0A8 /* jquery-3.0.0.min.js */; };
		DBBBB8161D1FF8BA000CF0A8 /* Sample.html in Resources */ = {isa = PBXBuildFile; fileRef = DBBBB8131D1FF8BA000CF0A8 /* Sample.html */; };
		DBF6BE8B1D463511004BC3D8 /* servicePage.html in Resources */ = {isa = PBXBuildFile; fileRef = DBF6BE8A1D463511004BC3D8 /* servicePage.html */; };
/* End PBXBuildFile section */

/* Begin PBXFileReference section */
		DB0DFB211D122857000F0443 /* myview.app */ = {isa = PBXFileReference; explicitFileType = wrapper.application; includeInIndex = 0; path = myview.app; sourceTree = BUILT_PRODUCTS_DIR; };
		DB0DFB241D122857000F0443 /* AppDelegate.swift */ = {isa = PBXFileReference; lastKnownFileType = sourcecode.swift; path = AppDelegate.swift; sourceTree = "<group>"; };
		DB0DFB261D122857000F0443 /* ViewController.swift */ = {isa = PBXFileReference; lastKnownFileType = sourcecode.swift; path = ViewController.swift; sourceTree = "<group>"; };
		DB0DFB291D122857000F0443 /* Base */ = {isa = PBXFileReference; lastKnownFileType = file.storyboard; name = Base; path = Base.lproj/Main.storyboard; sourceTree = "<group>"; };
		DB0DFB2B1D122857000F0443 /* Assets.xcassets */ = {isa = PBXFileReference; lastKnownFileType = folder.assetcatalog; path = Assets.xcassets; sourceTree = "<group>"; };
		DB0DFB2E1D122857000F0443 /* Base */ = {isa = PBXFileReference; lastKnownFileType = file.storyboard; name = Base; path = Base.lproj/LaunchScreen.storyboard; sourceTree = "<group>"; };
		DB0DFB301D122857000F0443 /* Info.plist */ = {isa = PBXFileReference; lastKnownFileType = text.plist.xml; path = Info.plist; sourceTree = "<group>"; };
		DB1BE8521D2BC38D00A70F71 /* assets */ = {isa = PBXFileReference; lastKnownFileType = folder; name = assets; path = root/assets; sourceTree = "<group>"; };
		DB1BE8531D2BC38D00A70F71 /* index.html */ = {isa = PBXFileReference; fileEncoding = 4; lastKnownFileType = text.html; name = index.html; path = root/index.html; sourceTree = "<group>"; };
		DB1BE8541D2BC38D00A70F71 /* mapPage.html */ = {isa = PBXFileReference; fileEncoding = 4; lastKnownFileType = text.html; name = mapPage.html; path = root/mapPage.html; sourceTree = "<group>"; };
		DB1BE8551D2BC38D00A70F71 /* selectCatagory.html */ = {isa = PBXFileReference; fileEncoding = 4; lastKnownFileType = text.html; name = selectCatagory.html; path = root/selectCatagory.html; sourceTree = "<group>"; };
		DBBBB8091D1F8A76000CF0A8 /* ViewController1.swift */ = {isa = PBXFileReference; fileEncoding = 4; lastKnownFileType = sourcecode.swift; path = ViewController1.swift; sourceTree = "<group>"; };
		DBBBB8111D1FF8BA000CF0A8 /* interact.min.js */ = {isa = PBXFileReference; fileEncoding = 4; lastKnownFileType = sourcecode.javascript; name = interact.min.js; path = root/interact.min.js; sourceTree = "<group>"; };
		DBBBB8121D1FF8BA000CF0A8 /* jquery-3.0.0.min.js */ = {isa = PBXFileReference; fileEncoding = 4; lastKnownFileType = sourcecode.javascript; name = "jquery-3.0.0.min.js"; path = "root/jquery-3.0.0.min.js"; sourceTree = "<group>"; };
		DBBBB8131D1FF8BA000CF0A8 /* Sample.html */ = {isa = PBXFileReference; fileEncoding = 4; lastKnownFileType = text.html; name = Sample.html; path = root/Sample.html; sourceTree = "<group>"; };
		DBF6BE8A1D463511004BC3D8 /* servicePage.html */ = {isa = PBXFileReference; fileEncoding = 4; lastKnownFileType = text.html; name = servicePage.html; path = root/servicePage.html; sourceTree = "<group>"; };
/* End PBXFileReference section */

/* Begin PBXFrameworksBuildPhase section */
		DB0DFB1E1D122857000F0443 /* Frameworks */ = {
			isa = PBXFrameworksBuildPhase;
			buildActionMask = 2147483647;
			files = (
			);
			runOnlyForDeploymentPostprocessing = 0;
		};
/* End PBXFrameworksBuildPhase section */

/* Begin PBXGroup section */
		DB0DFB181D122857000F0443 = {
			isa = PBXGroup;
			children = (
				DB1BE8521D2BC38D00A70F71 /* assets */,
				DB1BE8531D2BC38D00A70F71 /* index.html */,
				DBBBB8111D1FF8BA000CF0A8 /* interact.min.js */,
				DBBBB8121D1FF8BA000CF0A8 /* jquery-3.0.0.min.js */,
				DB1BE8541D2BC38D00A70F71 /* mapPage.html */,
				DB0DFB231D122857000F0443 /* myview */,
				DB0DFB221D122857000F0443 /* Products */,
				DBBBB8131D1FF8BA000CF0A8 /* Sample.html */,
				DB1BE8551D2BC38D00A70F71 /* selectCatagory.html */,
				DBF6BE8A1D463511004BC3D8 /* servicePage.html */,
			);
			sourceTree = "<group>";
		};
		DB0DFB221D122857000F0443 /* Products */ = {
			isa = PBXGroup;
			children = (
				DB0DFB211D122857000F0443 /* myview.app */,
			);
			name = Products;
			sourceTree = "<group>";
		};
		DB0DFB231D122857000F0443 /* myview */ = {
			isa = PBXGroup;
			children = (
				DB0DFB241D122857000F0443 /* AppDelegate.swift */,
				DB0DFB261D122857000F0443 /* ViewController.swift */,
				DBBBB8091D1F8A76000CF0A8 /* ViewController1.swift */,
				DB0DFB281D122857000F0443 /* Main.storyboard */,
				DB0DFB2B1D122857000F0443 /* Assets.xcassets */,
				DB0DFB2D1D122857000F0443 /* LaunchScreen.storyboard */,
				DB0DFB301D122857000F0443 /* Info.plist */,
			);
			path = myview;
			sourceTree = "<group>";
		};
/* End PBXGroup section */

/* Begin PBXNativeTarget section */
		DB0DFB201D122857000F0443 /* myview */ = {
			isa = PBXNativeTarget;
			buildConfigurationList = DB0DFB331D122857000F0443 /* Build configuration list for PBXNativeTarget "myview" */;
			buildPhases = (
				DB0DFB1D1D122857000F0443 /* Sources */,
				DB0DFB1E1D122857000F0443 /* Frameworks */,
				DB0DFB1F1D122857000F0443 /* Resources */,
			);
			buildRules = (
			);
			dependencies = (
			);
			name = myview;
			productName = myview;
			productReference = DB0DFB211D122857000F0443 /* myview.app */;
			productType = "com.apple.product-type.application";
		};
/* End PBXNativeTarget section */

/* Begin PBXProject section */
		DB0DFB191D122857000F0443 /* Project object */ = {
			isa = PBXProject;
			attributes = {
				LastSwiftUpdateCheck = 0730;
				LastUpgradeCheck = 0730;
				ORGANIZATIONNAME = immi;
				TargetAttributes = {
					DB0DFB201D122857000F0443 = {
						CreatedOnToolsVersion = 7.3.1;
						DevelopmentTeam = F6VRM5EGZ9;
						LastSwiftMigration = 0810;
					};
				};
			};
			buildConfigurationList = DB0DFB1C1D122857000F0443 /* Build configuration list for PBXProject "myview" */;
			compatibilityVersion = "Xcode 3.2";
			developmentRegion = English;
			hasScannedForEncodings = 0;
			knownRegions = (
				en,
				Base,
			);
			mainGroup = DB0DFB181D122857000F0443;
			productRefGroup = DB0DFB221D122857000F0443 /* Products */;
			projectDirPath = "";
			projectRoot = "";
			targets = (
				DB0DFB201D122857000F0443 /* myview */,
			);
		};
/* End PBXProject section */

/* Begin PBXResourcesBuildPhase section */
		DB0DFB1F1D122857000F0443 /* Resources */ = {
			isa = PBXResourcesBuildPhase;
			buildActionMask = 2147483647;
			files = (
				DBBBB8151D1FF8BA000CF0A8 /* jquery-3.0.0.min.js in Resources */,
				DB0DFB2F1D122857000F0443 /* LaunchScreen.storyboard in Resources */,
				DB1BE8561D2BC38D00A70F71 /* assets in Resources */,
				DBBBB8161D1FF8BA000CF0A8 /* Sample.html in Resources */,
				DB0DFB2C1D122857000F0443 /* Assets.xcassets in Resources */,
				DB1BE8571D2BC38D00A70F71 /* index.html in Resources */,
				DBF6BE8B1D463511004BC3D8 /* servicePage.html in Resources */,
				DB1BE8591D2BC38D00A70F71 /* selectCatagory.html in Resources */,
				DBBBB8141D1FF8BA000CF0A8 /* interact.min.js in Resources */,
				DB1BE8581D2BC38D00A70F71 /* mapPage.html in Resources */,
				DB0DFB2A1D122857000F0443 /* Main.storyboard in Resources */,
			);
			runOnlyForDeploymentPostprocessing = 0;
		};
/* End PBXResourcesBuildPhase section */

/* Begin PBXSourcesBuildPhase section */
		DB0DFB1D1D122857000F0443 /* Sources */ = {
			isa = PBXSourcesBuildPhase;
			buildActionMask = 2147483647;
			files = (
				DBBBB80A1D1F8A76000CF0A8 /* ViewController1.swift in Sources */,
				DB0DFB271D122857000F0443 /* ViewController.swift in Sources */,
				DB0DFB251D122857000F0443 /* AppDelegate.swift in Sources */,
			);
			runOnlyForDeploymentPostprocessing = 0;
		};
/* End PBXSourcesBuildPhase section */

/* Begin PBXVariantGroup section */
		DB0DFB281D122857000F0443 /* Main.storyboard */ = {
			isa = PBXVariantGroup;
			children = (
				DB0DFB291D122857000F0443 /* Base */,
			);
			name = Main.storyboard;
			sourceTree = "<group>";
		};
		DB0DFB2D1D122857000F0443 /* LaunchScreen.storyboard */ = {
			isa = PBXVariantGroup;
			children = (
				DB0DFB2E1D122857000F0443 /* Base */,
			);
			name = LaunchScreen.storyboard;
			sourceTree = "<group>";
		};
/* End PBXVariantGroup section */

/* Begin XCBuildConfiguration section */
		DB0DFB311D122857000F0443 /* Debug */ = {
			isa = XCBuildConfiguration;
			buildSettings = {
				ALWAYS_SEARCH_USER_PATHS = NO;
				CLANG_ANALYZER_NONNULL = YES;
				CLANG_CXX_LANGUAGE_STANDARD = "gnu++0x";
				CLANG_CXX_LIBRARY = "libc++";
				CLANG_ENABLE_MODULES = YES;
				CLANG_ENABLE_OBJC_ARC = YES;
				CLANG_WARN_BOOL_CONVERSION = YES;
				CLANG_WARN_CONSTANT_CONVERSION = YES;
				CLANG_WARN_DIRECT_OBJC_ISA_USAGE = YES_ERROR;
				CLANG_WARN_EMPTY_BODY = YES;
				CLANG_WARN_ENUM_CONVERSION = YES;
				CLANG_WARN_INT_CONVERSION = YES;
				CLANG_WARN_OBJC_ROOT_CLASS = YES_ERROR;
				CLANG_WARN_UNREACHABLE_CODE = YES;
				CLANG_WARN__DUPLICATE_METHOD_MATCH = YES;
				CODE_SIGN_IDENTITY = "iPhone Developer: Nilofe Baig (5H992U5H47)";
				"CODE_SIGN_IDENTITY[sdk=iphoneos*]" = "iPhone Developer: Nilofe Baig (5H992U5H47)";
				COPY_PHASE_STRIP = NO;
				DEBUG_INFORMATION_FORMAT = dwarf;
				ENABLE_STRICT_OBJC_MSGSEND = YES;
				ENABLE_TESTABILITY = YES;
				GCC_C_LANGUAGE_STANDARD = gnu99;
				GCC_DYNAMIC_NO_PIC = NO;
				GCC_NO_COMMON_BLOCKS = YES;
				GCC_OPTIMIZATION_LEVEL = 0;
				GCC_PREPROCESSOR_DEFINITIONS = (
					"DEBUG=1",
					"$(inherited)",
				);
				GCC_WARN_64_TO_32_BIT_CONVERSION = YES;
				GCC_WARN_ABOUT_RETURN_TYPE = YES_ERROR;
				GCC_WARN_UNDECLARED_SELECTOR = YES;
				GCC_WARN_UNINITIALIZED_AUTOS = YES_AGGRESSIVE;
				GCC_WARN_UNUSED_FUNCTION = YES;
				GCC_WARN_UNUSED_VARIABLE = YES;
				IPHONEOS_DEPLOYMENT_TARGET = 9.3;
				MTL_ENABLE_DEBUG_INFO = YES;
				ONLY_ACTIVE_ARCH = YES;
				SDKROOT = iphoneos;
				SWIFT_OPTIMIZATION_LEVEL = "-Onone";
				TARGETED_DEVICE_FAMILY = "1,2";
			};
			name = Debug;
		};
		DB0DFB321D122857000F0443 /* Release */ = {
			isa = XCBuildConfiguration;
			buildSettings = {
				ALWAYS_SEARCH_USER_PATHS = NO;
				CLANG_ANALYZER_NONNULL = YES;
				CLANG_CXX_LANGUAGE_STANDARD = "gnu++0x";
				CLANG_CXX_LIBRARY = "libc++";
				CLANG_ENABLE_MODULES = YES;
				CLANG_ENABLE_OBJC_ARC = YES;
				CLANG_WARN_BOOL_CONVERSION = YES;
				CLANG_WARN_CONSTANT_CONVERSION = YES;
				CLANG_WARN_DIRECT_OBJC_ISA_USAGE = YES_ERROR;
				CLANG_WARN_EMPTY_BODY = YES;
				CLANG_WARN_ENUM_CONVERSION = YES;
				CLANG_WARN_INT_CONVERSION = YES;
				CLANG_WARN_OBJC_ROOT_CLASS = YES_ERROR;
				CLANG_WARN_UNREACHABLE_CODE = YES;
				CLANG_WARN__DUPLICATE_METHOD_MATCH = YES;
				CODE_SIGN_IDENTITY = "iPhone Developer: Nilofe Baig (5H992U5H47)";
				"CODE_SIGN_IDENTITY[sdk=iphoneos*]" = "iPhone Developer: Nilofe Baig (5H992U5H47)";
				COPY_PHASE_STRIP = NO;
				DEBUG_INFORMATION_FORMAT = "dwarf-with-dsym";
				ENABLE_NS_ASSERTIONS = NO;
				ENABLE_STRICT_OBJC_MSGSEND = YES;
				GCC_C_LANGUAGE_STANDARD = gnu99;
				GCC_NO_COMMON_BLOCKS = YES;
				GCC_WARN_64_TO_32_BIT_CONVERSION = YES;
				GCC_WARN_ABOUT_RETURN_TYPE = YES_ERROR;
				GCC_WARN_UNDECLARED_SELECTOR = YES;
				GCC_WARN_UNINITIALIZED_AUTOS = YES_AGGRESSIVE;
				GCC_WARN_UNUSED_FUNCTION = YES;
				GCC_WARN_UNUSED_VARIABLE = YES;
				IPHONEOS_DEPLOYMENT_TARGET = 9.3;
				MTL_ENABLE_DEBUG_INFO = NO;
				SDKROOT = iphoneos;
				TARGETED_DEVICE_FAMILY = "1,2";
				VALIDATE_PRODUCT = YES;
			};
			name = Release;
		};
		DB0DFB341D122857000F0443 /* Debug */ = {
			isa = XCBuildConfiguration;
			buildSettings = {
				ASSETCATALOG_COMPILER_APPICON_NAME = AppIcon;
				CODE_SIGN_IDENTITY = "iPhone Developer";
				"CODE_SIGN_IDENTITY[sdk=iphoneos*]" = "iPhone Developer";
				INFOPLIST_FILE = myview/Info.plist;
				LD_RUNPATH_SEARCH_PATHS = "$(inherited) @executable_path/Frameworks";
				PRODUCT_BUNDLE_IDENTIFIER = com.immi.myview;
				PRODUCT_NAME = "$(TARGET_NAME)";
				PROVISIONING_PROFILE = "";
				SWIFT_VERSION = 3.0;
			};
			name = Debug;
		};
		DB0DFB351D122857000F0443 /* Release */ = {
			isa = XCBuildConfiguration;
			buildSettings = {
				ASSETCATALOG_COMPILER_APPICON_NAME = AppIcon;
				CODE_SIGN_IDENTITY = "iPhone Developer";
				"CODE_SIGN_IDENTITY[sdk=iphoneos*]" = "iPhone Developer";
				INFOPLIST_FILE = myview/Info.plist;
				LD_RUNPATH_SEARCH_PATHS = "$(inherited) @executable_path/Frameworks";
				PRODUCT_BUNDLE_IDENTIFIER = com.immi.myview;
				PRODUCT_NAME = "$(TARGET_NAME)";
				PROVISIONING_PROFILE = "";
				SWIFT_VERSION = 3.0;
			};
			name = Release;
		};
/* End XCBuildConfiguration section */

/* Begin XCConfigurationList section */
		DB0DFB1C1D122857000F0443 /* Build configuration list for PBXProject "myview" */ = {
			isa = XCConfigurationList;
			buildConfigurations = (
				DB0DFB311D122857000F0443 /* Debug */,
				DB0DFB321D122857000F0443 /* Release */,
			);
			defaultConfigurationIsVisible = 0;
			defaultConfigurationName = Release;
		};
		DB0DFB331D122857000F0443 /* Build configuration list for PBXNativeTarget "myview" */ = {
			isa = XCConfigurationList;
			buildConfigurations = (
				DB0DFB341D122857000F0443 /* Debug */,
				DB0DFB351D122857000F0443 /* Release */,
			);
			defaultConfigurationIsVisible = 0;
			defaultConfigurationName = Release;
		};
/* End XCConfigurationList section */
	};
	rootObject = DB0DFB191D122857000F0443 /* Project object */;
}
