// !$*UTF8*$!
{
	archiveVersion = 1;
	classes = {
	};
	objectVersion = 46;
	objects = {

/* Begin PBXBuildFile section */
		DB0382A61C62E784008F995C /* QuartzCore.framework in Frameworks */ = {isa = PBXBuildFile; fileRef = DB0382A51C62E784008F995C /* QuartzCore.framework */; };
		DBE81F8D1C62D8080081FF47 /* AppDelegate.swift in Sources */ = {isa = PBXBuildFile; fileRef = DBE81F8C1C62D8080081FF47 /* AppDelegate.swift */; };
		DBE81F8F1C62D8080081FF47 /* RootViewController.swift in Sources */ = {isa = PBXBuildFile; fileRef = DBE81F8E1C62D8080081FF47 /* RootViewController.swift */; };
		DBE81F911C62D8080081FF47 /* DataViewController.swift in Sources */ = {isa = PBXBuildFile; fileRef = DBE81F901C62D8080081FF47 /* DataViewController.swift */; };
		DBE81F931C62D8080081FF47 /* ModelController.swift in Sources */ = {isa = PBXBuildFile; fileRef = DBE81F921C62D8080081FF47 /* ModelController.swift */; };
		DBE81F961C62D8080081FF47 /* Main.storyboard in Resources */ = {isa = PBXBuildFile; fileRef = DBE81F941C62D8080081FF47 /* Main.storyboard */; };
		DBE81F981C62D8080081FF47 /* Assets.xcassets in Resources */ = {isa = PBXBuildFile; fileRef = DBE81F971C62D8080081FF47 /* Assets.xcassets */; };
		DBE81F9B1C62D8080081FF47 /* LaunchScreen.storyboard in Resources */ = {isa = PBXBuildFile; fileRef = DBE81F991C62D8080081FF47 /* LaunchScreen.storyboard */; };
/* End PBXBuildFile section */

/* Begin PBXContainerItemProxy section */
		DB0382A01C62E47A008F995C /* PBXContainerItemProxy */ = {
			isa = PBXContainerItemProxy;
			containerPortal = DBE81FA21C62D8E60081FF47 /* RadialMenu.xcodeproj */;
			proxyType = 1;
			remoteGlobalIDString = A205B8AB19415FDE00C0E5A3;
			remoteInfo = RadialMenu;
		};
		DBE81FA61C62D8E60081FF47 /* PBXContainerItemProxy */ = {
			isa = PBXContainerItemProxy;
			containerPortal = DBE81FA21C62D8E60081FF47 /* RadialMenu.xcodeproj */;
			proxyType = 2;
			remoteGlobalIDString = A205B8AC19415FDE00C0E5A3;
			remoteInfo = RadialMenu;
		};
/* End PBXContainerItemProxy section */

/* Begin PBXFileReference section */
		DB0382A21C62E61D008F995C /* iOS */ = {isa = PBXFileReference; lastKnownFileType = folder; name = iOS; path = ../..; sourceTree = "<group>"; };
		DB0382A51C62E784008F995C /* QuartzCore.framework */ = {isa = PBXFileReference; lastKnownFileType = wrapper.framework; name = QuartzCore.framework; path = System/Library/Frameworks/QuartzCore.framework; sourceTree = SDKROOT; };
		DBE81F891C62D8080081FF47 /* imap.app */ = {isa = PBXFileReference; explicitFileType = wrapper.application; includeInIndex = 0; path = imap.app; sourceTree = BUILT_PRODUCTS_DIR; };
		DBE81F8C1C62D8080081FF47 /* AppDelegate.swift */ = {isa = PBXFileReference; lastKnownFileType = sourcecode.swift; path = AppDelegate.swift; sourceTree = "<group>"; };
		DBE81F8E1C62D8080081FF47 /* RootViewController.swift */ = {isa = PBXFileReference; lastKnownFileType = sourcecode.swift; path = RootViewController.swift; sourceTree = "<group>"; };
		DBE81F901C62D8080081FF47 /* DataViewController.swift */ = {isa = PBXFileReference; lastKnownFileType = sourcecode.swift; path = DataViewController.swift; sourceTree = "<group>"; };
		DBE81F921C62D8080081FF47 /* ModelController.swift */ = {isa = PBXFileReference; lastKnownFileType = sourcecode.swift; path = ModelController.swift; sourceTree = "<group>"; };
		DBE81F951C62D8080081FF47 /* Base */ = {isa = PBXFileReference; lastKnownFileType = file.storyboard; name = Base; path = Base.lproj/Main.storyboard; sourceTree = "<group>"; };
		DBE81F971C62D8080081FF47 /* Assets.xcassets */ = {isa = PBXFileReference; lastKnownFileType = folder.assetcatalog; path = Assets.xcassets; sourceTree = "<group>"; };
		DBE81F9A1C62D8080081FF47 /* Base */ = {isa = PBXFileReference; lastKnownFileType = file.storyboard; name = Base; path = Base.lproj/LaunchScreen.storyboard; sourceTree = "<group>"; };
		DBE81F9C1C62D8080081FF47 /* Info.plist */ = {isa = PBXFileReference; lastKnownFileType = text.plist.xml; path = Info.plist; sourceTree = "<group>"; };
		DBE81FA21C62D8E60081FF47 /* RadialMenu.xcodeproj */ = {isa = PBXFileReference; lastKnownFileType = "wrapper.pb-project"; name = RadialMenu.xcodeproj; path = "../../RadialMenu-master/RadialMenu.xcodeproj"; sourceTree = "<group>"; };
/* End PBXFileReference section */

/* Begin PBXFrameworksBuildPhase section */
		DBE81F861C62D8080081FF47 /* Frameworks */ = {
			isa = PBXFrameworksBuildPhase;
			buildActionMask = 2147483647;
			files = (
				DB0382A61C62E784008F995C /* QuartzCore.framework in Frameworks */,
			);
			runOnlyForDeploymentPostprocessing = 0;
		};
/* End PBXFrameworksBuildPhase section */

/* Begin PBXGroup section */
		DBE81F801C62D8080081FF47 = {
			isa = PBXGroup;
			children = (
				DB0382A51C62E784008F995C /* QuartzCore.framework */,
				DB0382A21C62E61D008F995C /* iOS */,
				DBE81FA21C62D8E60081FF47 /* RadialMenu.xcodeproj */,
				DBE81F8B1C62D8080081FF47 /* imap */,
				DBE81F8A1C62D8080081FF47 /* Products */,
			);
			sourceTree = "<group>";
		};
		DBE81F8A1C62D8080081FF47 /* Products */ = {
			isa = PBXGroup;
			children = (
				DBE81F891C62D8080081FF47 /* imap.app */,
			);
			name = Products;
			sourceTree = "<group>";
		};
		DBE81F8B1C62D8080081FF47 /* imap */ = {
			isa = PBXGroup;
			children = (
				DBE81F8C1C62D8080081FF47 /* AppDelegate.swift */,
				DBE81F8E1C62D8080081FF47 /* RootViewController.swift */,
				DBE81F901C62D8080081FF47 /* DataViewController.swift */,
				DBE81F921C62D8080081FF47 /* ModelController.swift */,
				DBE81F941C62D8080081FF47 /* Main.storyboard */,
				DBE81F971C62D8080081FF47 /* Assets.xcassets */,
				DBE81F991C62D8080081FF47 /* LaunchScreen.storyboard */,
				DBE81F9C1C62D8080081FF47 /* Info.plist */,
			);
			path = imap;
			sourceTree = "<group>";
		};
		DBE81FA31C62D8E60081FF47 /* Products */ = {
			isa = PBXGroup;
			children = (
				DBE81FA71C62D8E60081FF47 /* RadialMenu.app */,
			);
			name = Products;
			sourceTree = "<group>";
		};
/* End PBXGroup section */

/* Begin PBXNativeTarget section */
		DBE81F881C62D8080081FF47 /* imap */ = {
			isa = PBXNativeTarget;
			buildConfigurationList = DBE81F9F1C62D8080081FF47 /* Build configuration list for PBXNativeTarget "imap" */;
			buildPhases = (
				DBE81F851C62D8080081FF47 /* Sources */,
				DBE81F861C62D8080081FF47 /* Frameworks */,
				DBE81F871C62D8080081FF47 /* Resources */,
			);
			buildRules = (
			);
			dependencies = (
				DB0382A11C62E47A008F995C /* PBXTargetDependency */,
			);
			name = imap;
			productName = imap;
			productReference = DBE81F891C62D8080081FF47 /* imap.app */;
			productType = "com.apple.product-type.application";
		};
/* End PBXNativeTarget section */

/* Begin PBXProject section */
		DBE81F811C62D8080081FF47 /* Project object */ = {
			isa = PBXProject;
			attributes = {
				LastSwiftUpdateCheck = 0710;
				LastUpgradeCheck = 0710;
				ORGANIZATIONNAME = SMS;
				TargetAttributes = {
					DBE81F881C62D8080081FF47 = {
						CreatedOnToolsVersion = 7.1.1;
					};
				};
			};
			buildConfigurationList = DBE81F841C62D8080081FF47 /* Build configuration list for PBXProject "imap" */;
			compatibilityVersion = "Xcode 3.2";
			developmentRegion = English;
			hasScannedForEncodings = 0;
			knownRegions = (
				en,
				Base,
			);
			mainGroup = DBE81F801C62D8080081FF47;
			productRefGroup = DBE81F8A1C62D8080081FF47 /* Products */;
			projectDirPath = "";
			projectReferences = (
				{
					ProductGroup = DBE81FA31C62D8E60081FF47 /* Products */;
					ProjectRef = DBE81FA21C62D8E60081FF47 /* RadialMenu.xcodeproj */;
				},
			);
			projectRoot = "";
			targets = (
				DBE81F881C62D8080081FF47 /* imap */,
			);
		};
/* End PBXProject section */

/* Begin PBXReferenceProxy section */
		DBE81FA71C62D8E60081FF47 /* RadialMenu.app */ = {
			isa = PBXReferenceProxy;
			fileType = wrapper.application;
			path = RadialMenu.app;
			remoteRef = DBE81FA61C62D8E60081FF47 /* PBXContainerItemProxy */;
			sourceTree = BUILT_PRODUCTS_DIR;
		};
/* End PBXReferenceProxy section */

/* Begin PBXResourcesBuildPhase section */
		DBE81F871C62D8080081FF47 /* Resources */ = {
			isa = PBXResourcesBuildPhase;
			buildActionMask = 2147483647;
			files = (
				DBE81F9B1C62D8080081FF47 /* LaunchScreen.storyboard in Resources */,
				DBE81F981C62D8080081FF47 /* Assets.xcassets in Resources */,
				DBE81F961C62D8080081FF47 /* Main.storyboard in Resources */,
			);
			runOnlyForDeploymentPostprocessing = 0;
		};
/* End PBXResourcesBuildPhase section */

/* Begin PBXSourcesBuildPhase section */
		DBE81F851C62D8080081FF47 /* Sources */ = {
			isa = PBXSourcesBuildPhase;
			buildActionMask = 2147483647;
			files = (
				DBE81F8F1C62D8080081FF47 /* RootViewController.swift in Sources */,
				DBE81F931C62D8080081FF47 /* ModelController.swift in Sources */,
				DBE81F911C62D8080081FF47 /* DataViewController.swift in Sources */,
				DBE81F8D1C62D8080081FF47 /* AppDelegate.swift in Sources */,
			);
			runOnlyForDeploymentPostprocessing = 0;
		};
/* End PBXSourcesBuildPhase section */

/* Begin PBXTargetDependency section */
		DB0382A11C62E47A008F995C /* PBXTargetDependency */ = {
			isa = PBXTargetDependency;
			name = RadialMenu;
			targetProxy = DB0382A01C62E47A008F995C /* PBXContainerItemProxy */;
		};
/* End PBXTargetDependency section */

/* Begin PBXVariantGroup section */
		DBE81F941C62D8080081FF47 /* Main.storyboard */ = {
			isa = PBXVariantGroup;
			children = (
				DBE81F951C62D8080081FF47 /* Base */,
			);
			name = Main.storyboard;
			sourceTree = "<group>";
		};
		DBE81F991C62D8080081FF47 /* LaunchScreen.storyboard */ = {
			isa = PBXVariantGroup;
			children = (
				DBE81F9A1C62D8080081FF47 /* Base */,
			);
			name = LaunchScreen.storyboard;
			sourceTree = "<group>";
		};
/* End PBXVariantGroup section */

/* Begin XCBuildConfiguration section */
		DBE81F9D1C62D8080081FF47 /* Debug */ = {
			isa = XCBuildConfiguration;
			buildSettings = {
				ALWAYS_SEARCH_USER_PATHS = NO;
				CLANG_CXX_LANGUAGE_STANDARD = "gnu++0x";
				CLANG_CXX_LIBRARY = "libc++";
				CLANG_ENABLE_MODULES = YES;
				CLANG_ENABLE_OBJC_ARC = YES;
				CLANG_WARN_BOOL_CONVERSION = YES;
				CLANG_WARN_CONSTANT_CONVERSION = YES;
				CLANG_WARN_DIRECT_OBJC_ISA_USAGE = YES_ERROR;
				CLANG_WARN_EMPTY_BODY = YES;
				CLANG_WARN_ENUM_CONVERSION = YES;
				CLANG_WARN_INT_CONVERSION = YES;
				CLANG_WARN_OBJC_ROOT_CLASS = YES_ERROR;
				CLANG_WARN_UNREACHABLE_CODE = YES;
				CLANG_WARN__DUPLICATE_METHOD_MATCH = YES;
				"CODE_SIGN_IDENTITY[sdk=iphoneos*]" = "iPhone Developer";
				COPY_PHASE_STRIP = NO;
				DEBUG_INFORMATION_FORMAT = dwarf;
				ENABLE_STRICT_OBJC_MSGSEND = YES;
				ENABLE_TESTABILITY = YES;
				GCC_C_LANGUAGE_STANDARD = gnu99;
				GCC_DYNAMIC_NO_PIC = NO;
				GCC_NO_COMMON_BLOCKS = YES;
				GCC_OPTIMIZATION_LEVEL = 0;
				GCC_PREPROCESSOR_DEFINITIONS = (
					"DEBUG=1",
					"$(inherited)",
				);
				GCC_WARN_64_TO_32_BIT_CONVERSION = YES;
				GCC_WARN_ABOUT_RETURN_TYPE = YES_ERROR;
				GCC_WARN_UNDECLARED_SELECTOR = YES;
				GCC_WARN_UNINITIALIZED_AUTOS = YES_AGGRESSIVE;
				GCC_WARN_UNUSED_FUNCTION = YES;
				GCC_WARN_UNUSED_VARIABLE = YES;
				IPHONEOS_DEPLOYMENT_TARGET = 9.1;
				MTL_ENABLE_DEBUG_INFO = YES;
				ONLY_ACTIVE_ARCH = YES;
				SDKROOT = iphoneos;
				SWIFT_OPTIMIZATION_LEVEL = "-Onone";
				TARGETED_DEVICE_FAMILY = "1,2";
			};
			name = Debug;
		};
		DBE81F9E1C62D8080081FF47 /* Release */ = {
			isa = XCBuildConfiguration;
			buildSettings = {
				ALWAYS_SEARCH_USER_PATHS = NO;
				CLANG_CXX_LANGUAGE_STANDARD = "gnu++0x";
				CLANG_CXX_LIBRARY = "libc++";
				CLANG_ENABLE_MODULES = YES;
				CLANG_ENABLE_OBJC_ARC = YES;
				CLANG_WARN_BOOL_CONVERSION = YES;
				CLANG_WARN_CONSTANT_CONVERSION = YES;
				CLANG_WARN_DIRECT_OBJC_ISA_USAGE = YES_ERROR;
				CLANG_WARN_EMPTY_BODY = YES;
				CLANG_WARN_ENUM_CONVERSION = YES;
				CLANG_WARN_INT_CONVERSION = YES;
				CLANG_WARN_OBJC_ROOT_CLASS = YES_ERROR;
				CLANG_WARN_UNREACHABLE_CODE = YES;
				CLANG_WARN__DUPLICATE_METHOD_MATCH = YES;
				"CODE_SIGN_IDENTITY[sdk=iphoneos*]" = "iPhone Developer";
				COPY_PHASE_STRIP = NO;
				DEBUG_INFORMATION_FORMAT = "dwarf-with-dsym";
				ENABLE_NS_ASSERTIONS = NO;
				ENABLE_STRICT_OBJC_MSGSEND = YES;
				GCC_C_LANGUAGE_STANDARD = gnu99;
				GCC_NO_COMMON_BLOCKS = YES;
				GCC_WARN_64_TO_32_BIT_CONVERSION = YES;
				GCC_WARN_ABOUT_RETURN_TYPE = YES_ERROR;
				GCC_WARN_UNDECLARED_SELECTOR = YES;
				GCC_WARN_UNINITIALIZED_AUTOS = YES_AGGRESSIVE;
				GCC_WARN_UNUSED_FUNCTION = YES;
				GCC_WARN_UNUSED_VARIABLE = YES;
				IPHONEOS_DEPLOYMENT_TARGET = 9.1;
				MTL_ENABLE_DEBUG_INFO = NO;
				SDKROOT = iphoneos;
				TARGETED_DEVICE_FAMILY = "1,2";
				VALIDATE_PRODUCT = YES;
			};
			name = Release;
		};
		DBE81FA01C62D8080081FF47 /* Debug */ = {
			isa = XCBuildConfiguration;
			buildSettings = {
				ASSETCATALOG_COMPILER_APPICON_NAME = AppIcon;
				INFOPLIST_FILE = imap/Info.plist;
				LD_RUNPATH_SEARCH_PATHS = "$(inherited) @executable_path/Frameworks";
				PRODUCT_BUNDLE_IDENTIFIER = com.immi.imap;
				PRODUCT_NAME = "$(TARGET_NAME)";
			};
			name = Debug;
		};
		DBE81FA11C62D8080081FF47 /* Release */ = {
			isa = XCBuildConfiguration;
			buildSettings = {
				ASSETCATALOG_COMPILER_APPICON_NAME = AppIcon;
				INFOPLIST_FILE = imap/Info.plist;
				LD_RUNPATH_SEARCH_PATHS = "$(inherited) @executable_path/Frameworks";
				PRODUCT_BUNDLE_IDENTIFIER = com.immi.imap;
				PRODUCT_NAME = "$(TARGET_NAME)";
			};
			name = Release;
		};
/* End XCBuildConfiguration section */

/* Begin XCConfigurationList section */
		DBE81F841C62D8080081FF47 /* Build configuration list for PBXProject "imap" */ = {
			isa = XCConfigurationList;
			buildConfigurations = (
				DBE81F9D1C62D8080081FF47 /* Debug */,
				DBE81F9E1C62D8080081FF47 /* Release */,
			);
			defaultConfigurationIsVisible = 0;
			defaultConfigurationName = Release;
		};
		DBE81F9F1C62D8080081FF47 /* Build configuration list for PBXNativeTarget "imap" */ = {
			isa = XCConfigurationList;
			buildConfigurations = (
				DBE81FA01C62D8080081FF47 /* Debug */,
				DBE81FA11C62D8080081FF47 /* Release */,
			);
			defaultConfigurationIsVisible = 0;
			defaultConfigurationName = Release;
		};
/* End XCConfigurationList section */
	};
	rootObject = DBE81F811C62D8080081FF47 /* Project object */;
}
